
Microsoft Visual Studio Solution File, Format Version 12.00
# Visual Studio Version 17
VisualStudioVersion = 17.9.34728.123
MinimumVisualStudioVersion = 10.0.40219.1
Project("{FAE04EC0-301F-11D3-BF4B-00C04F79EFBC}") = "CqrsSample", "CqrsSample\CqrsSample.csproj", "{A74C996E-48E4-4220-B21B-B453C2BF77E5}"
EndProject
Global
	GlobalSection(SolutionConfigurationPlatforms) = preSolution
		Debug|Any CPU = Debug|Any CPU
		Release|Any CPU = Release|Any CPU
	EndGlobalSection
	GlobalSection(ProjectConfigurationPlatforms) = postSolution
		{A74C996E-48E4-4220-B21B-B453C2BF77E5}.Debug|Any CPU.ActiveCfg = Debug|Any CPU
		{A74C996E-48E4-4220-B21B-B453C2BF77E5}.Debug|Any CPU.Build.0 = Debug|Any CPU
		{A74C996E-48E4-4220-B21B-B453C2BF77E5}.Release|Any CPU.ActiveCfg = Release|Any CPU
		{A74C996E-48E4-4220-B21B-B453C2BF77E5}.Release|Any CPU.Build.0 = Release|Any CPU
	EndGlobalSection
	GlobalSection(SolutionProperties) = preSolution
		HideSolutionNode = FALSE
	EndGlobalSection
	GlobalSection(ExtensibilityGlobals) = postSolution
		SolutionGuid = {B17A7585-B628-41D5-A51E-EFD6275EEF1A}
	EndGlobalSection
EndGlobal
